// !$*UTF8*$!
{
	archiveVersion = 1;
	classes = {
	};
	objectVersion = 46;
	objects = {

/* Begin PBXBuildFile section */
		4F20E4DF1BFAA0C1007673C6 /* WelcomeViewController.swift in Sources */ = {isa = PBXBuildFile; fileRef = 4F20E4DE1BFAA0C1007673C6 /* WelcomeViewController.swift */; };
		4F20E4E11BFAA0DA007673C6 /* OfferViewController.swift in Sources */ = {isa = PBXBuildFile; fileRef = 4F20E4E01BFAA0DA007673C6 /* OfferViewController.swift */; };
		4F33A7E41BFAFAFE0021B1C8 /* libsqlite3.0.tbd in Frameworks */ = {isa = PBXBuildFile; fileRef = 4F33A7E31BFAFAFE0021B1C8 /* libsqlite3.0.tbd */; };
		4F33A7F01BFBF29F0021B1C8 /* ProsperBorrowerSDK.framework in Frameworks */ = {isa = PBXBuildFile; fileRef = 4F33A7EE1BFBF29F0021B1C8 /* ProsperBorrowerSDK.framework */; };
		4F33A7F21BFBF2F00021B1C8 /* ProsperBorrowerSDK.bundle in Resources */ = {isa = PBXBuildFile; fileRef = 4F33A7F11BFBF2F00021B1C8 /* ProsperBorrowerSDK.bundle */; };
		4FD5FC041BFA99BA001EBB88 /* AppDelegate.swift in Sources */ = {isa = PBXBuildFile; fileRef = 4FD5FC031BFA99BA001EBB88 /* AppDelegate.swift */; };
		4FD5FC091BFA99BA001EBB88 /* Main.storyboard in Resources */ = {isa = PBXBuildFile; fileRef = 4FD5FC071BFA99BA001EBB88 /* Main.storyboard */; };
		4FD5FC0B1BFA99BA001EBB88 /* Assets.xcassets in Resources */ = {isa = PBXBuildFile; fileRef = 4FD5FC0A1BFA99BA001EBB88 /* Assets.xcassets */; };
		4FD5FC0E1BFA99BA001EBB88 /* LaunchScreen.storyboard in Resources */ = {isa = PBXBuildFile; fileRef = 4FD5FC0C1BFA99BA001EBB88 /* LaunchScreen.storyboard */; };
		4FD5FC191BFA99BA001EBB88 /* ProsperSDKSwiftSampleTests.swift in Sources */ = {isa = PBXBuildFile; fileRef = 4FD5FC181BFA99BA001EBB88 /* ProsperSDKSwiftSampleTests.swift */; };
		4FD5FC241BFA99BA001EBB88 /* ProsperSDKSwiftSampleUITests.swift in Sources */ = {isa = PBXBuildFile; fileRef = 4FD5FC231BFA99BA001EBB88 /* ProsperSDKSwiftSampleUITests.swift */; };
		AEFA97A89870E63C75E5FDAD /* libPods-ProsperSDKSwiftSample.a in Frameworks */ = {isa = PBXBuildFile; fileRef = 02033313EB326699EA3F62D0 /* libPods-ProsperSDKSwiftSample.a */; };
/* End PBXBuildFile section */

/* Begin PBXContainerItemProxy section */
		4FD5FC151BFA99BA001EBB88 /* PBXContainerItemProxy */ = {
			isa = PBXContainerItemProxy;
			containerPortal = 4FD5FBF81BFA99BA001EBB88 /* Project object */;
			proxyType = 1;
			remoteGlobalIDString = 4FD5FBFF1BFA99BA001EBB88;
			remoteInfo = ProsperSDKSwiftSample;
		};
		4FD5FC201BFA99BA001EBB88 /* PBXContainerItemProxy */ = {
			isa = PBXContainerItemProxy;
			containerPortal = 4FD5FBF81BFA99BA001EBB88 /* Project object */;
			proxyType = 1;
			remoteGlobalIDString = 4FD5FBFF1BFA99BA001EBB88;
			remoteInfo = ProsperSDKSwiftSample;
		};
/* End PBXContainerItemProxy section */

/* Begin PBXFileReference section */
		02033313EB326699EA3F62D0 /* libPods-ProsperSDKSwiftSample.a */ = {isa = PBXFileReference; explicitFileType = archive.ar; includeInIndex = 0; path = "libPods-ProsperSDKSwiftSample.a"; sourceTree = BUILT_PRODUCTS_DIR; };
		4F20E4DA1BFAA089007673C6 /* ProsperSDKSwiftSample-Bridging-Header.h */ = {isa = PBXFileReference; lastKnownFileType = sourcecode.c.h; path = "ProsperSDKSwiftSample-Bridging-Header.h"; sourceTree = "<group>"; };
		4F20E4DE1BFAA0C1007673C6 /* WelcomeViewController.swift */ = {isa = PBXFileReference; fileEncoding = 4; lastKnownFileType = sourcecode.swift; path = WelcomeViewController.swift; sourceTree = "<group>"; };
		4F20E4E01BFAA0DA007673C6 /* OfferViewController.swift */ = {isa = PBXFileReference; fileEncoding = 4; lastKnownFileType = sourcecode.swift; path = OfferViewController.swift; sourceTree = "<group>"; };
		4F33A7E31BFAFAFE0021B1C8 /* libsqlite3.0.tbd */ = {isa = PBXFileReference; lastKnownFileType = "sourcecode.text-based-dylib-definition"; name = libsqlite3.0.tbd; path = usr/lib/libsqlite3.0.tbd; sourceTree = SDKROOT; };
		4F33A7EE1BFBF29F0021B1C8 /* ProsperBorrowerSDK.framework */ = {isa = PBXFileReference; lastKnownFileType = wrapper.framework; name = ProsperBorrowerSDK.framework; path = ../Frameworks/ProsperBorrowerSDK.framework; sourceTree = "<group>"; };
		4F33A7F11BFBF2F00021B1C8 /* ProsperBorrowerSDK.bundle */ = {isa = PBXFileReference; lastKnownFileType = "wrapper.plug-in"; name = ProsperBorrowerSDK.bundle; path = ../Frameworks/ProsperBorrowerSDK.bundle; sourceTree = "<group>"; };
		4FD5FC001BFA99BA001EBB88 /* ProsperSDKSwiftSample.app */ = {isa = PBXFileReference; explicitFileType = wrapper.application; includeInIndex = 0; path = ProsperSDKSwiftSample.app; sourceTree = BUILT_PRODUCTS_DIR; };
		4FD5FC031BFA99BA001EBB88 /* AppDelegate.swift */ = {isa = PBXFileReference; lastKnownFileType = sourcecode.swift; path = AppDelegate.swift; sourceTree = "<group>"; };
		4FD5FC081BFA99BA001EBB88 /* Base */ = {isa = PBXFileReference; lastKnownFileType = file.storyboard; name = Base; path = Base.lproj/Main.storyboard; sourceTree = "<group>"; };
		4FD5FC0A1BFA99BA001EBB88 /* Assets.xcassets */ = {isa = PBXFileReference; lastKnownFileType = folder.assetcatalog; path = Assets.xcassets; sourceTree = "<group>"; };
		4FD5FC0D1BFA99BA001EBB88 /* Base */ = {isa = PBXFileReference; lastKnownFileType = file.storyboard; name = Base; path = Base.lproj/LaunchScreen.storyboard; sourceTree = "<group>"; };
		4FD5FC0F1BFA99BA001EBB88 /* Info.plist */ = {isa = PBXFileReference; lastKnownFileType = text.plist.xml; path = Info.plist; sourceTree = "<group>"; };
		4FD5FC141BFA99BA001EBB88 /* ProsperSDKSwiftSampleTests.xctest */ = {isa = PBXFileReference; explicitFileType = wrapper.cfbundle; includeInIndex = 0; path = ProsperSDKSwiftSampleTests.xctest; sourceTree = BUILT_PRODUCTS_DIR; };
		4FD5FC181BFA99BA001EBB88 /* ProsperSDKSwiftSampleTests.swift */ = {isa = PBXFileReference; lastKnownFileType = sourcecode.swift; path = ProsperSDKSwiftSampleTests.swift; sourceTree = "<group>"; };
		4FD5FC1A1BFA99BA001EBB88 /* Info.plist */ = {isa = PBXFileReference; lastKnownFileType = text.plist.xml; path = Info.plist; sourceTree = "<group>"; };
		4FD5FC1F1BFA99BA001EBB88 /* ProsperSDKSwiftSampleUITests.xctest */ = {isa = PBXFileReference; explicitFileType = wrapper.cfbundle; includeInIndex = 0; path = ProsperSDKSwiftSampleUITests.xctest; sourceTree = BUILT_PRODUCTS_DIR; };
		4FD5FC231BFA99BA001EBB88 /* ProsperSDKSwiftSampleUITests.swift */ = {isa = PBXFileReference; lastKnownFileType = sourcecode.swift; path = ProsperSDKSwiftSampleUITests.swift; sourceTree = "<group>"; };
		4FD5FC251BFA99BA001EBB88 /* Info.plist */ = {isa = PBXFileReference; lastKnownFileType = text.plist.xml; path = Info.plist; sourceTree = "<group>"; };
		C38124E2484AEBCF5467F3C0 /* Pods-ProsperSDKSwiftSample.debug.xcconfig */ = {isa = PBXFileReference; includeInIndex = 1; lastKnownFileType = text.xcconfig; name = "Pods-ProsperSDKSwiftSample.debug.xcconfig"; path = "Pods/Target Support Files/Pods-ProsperSDKSwiftSample/Pods-ProsperSDKSwiftSample.debug.xcconfig"; sourceTree = "<group>"; };
		CC6099BD055D67186AC2A116 /* Pods-ProsperSDKSwiftSample.release.xcconfig */ = {isa = PBXFileReference; includeInIndex = 1; lastKnownFileType = text.xcconfig; name = "Pods-ProsperSDKSwiftSample.release.xcconfig"; path = "Pods/Target Support Files/Pods-ProsperSDKSwiftSample/Pods-ProsperSDKSwiftSample.release.xcconfig"; sourceTree = "<group>"; };
		D0FDA2D4C8C6B76945D9B1A3 /* libPods.a */ = {isa = PBXFileReference; explicitFileType = archive.ar; includeInIndex = 0; path = libPods.a; sourceTree = BUILT_PRODUCTS_DIR; };
/* End PBXFileReference section */

/* Begin PBXFrameworksBuildPhase section */
		4FD5FBFD1BFA99BA001EBB88 /* Frameworks */ = {
			isa = PBXFrameworksBuildPhase;
			buildActionMask = 2147483647;
			files = (
				4F33A7F01BFBF29F0021B1C8 /* ProsperBorrowerSDK.framework in Frameworks */,
				4F33A7E41BFAFAFE0021B1C8 /* libsqlite3.0.tbd in Frameworks */,
				AEFA97A89870E63C75E5FDAD /* libPods-ProsperSDKSwiftSample.a in Frameworks */,
			);
			runOnlyForDeploymentPostprocessing = 0;
		};
		4FD5FC111BFA99BA001EBB88 /* Frameworks */ = {
			isa = PBXFrameworksBuildPhase;
			buildActionMask = 2147483647;
			files = (
			);
			runOnlyForDeploymentPostprocessing = 0;
		};
		4FD5FC1C1BFA99BA001EBB88 /* Frameworks */ = {
			isa = PBXFrameworksBuildPhase;
			buildActionMask = 2147483647;
			files = (
			);
			runOnlyForDeploymentPostprocessing = 0;
		};
/* End PBXFrameworksBuildPhase section */

/* Begin PBXGroup section */
		4FD5FBF71BFA99BA001EBB88 = {
			isa = PBXGroup;
			children = (
				4F33A7F11BFBF2F00021B1C8 /* ProsperBorrowerSDK.bundle */,
				4FD5FC021BFA99BA001EBB88 /* ProsperSDKSwiftSample */,
				4FD5FC171BFA99BA001EBB88 /* ProsperSDKSwiftSampleTests */,
				4FD5FC221BFA99BA001EBB88 /* ProsperSDKSwiftSampleUITests */,
				4FD5FC011BFA99BA001EBB88 /* Products */,
				C788490A9BC62BE0DA7B8C5E /* Frameworks */,
				925F51E818F02A356CEA5175 /* Pods */,
			);
			sourceTree = "<group>";
		};
		4FD5FC011BFA99BA001EBB88 /* Products */ = {
			isa = PBXGroup;
			children = (
				4FD5FC001BFA99BA001EBB88 /* ProsperSDKSwiftSample.app */,
				4FD5FC141BFA99BA001EBB88 /* ProsperSDKSwiftSampleTests.xctest */,
				4FD5FC1F1BFA99BA001EBB88 /* ProsperSDKSwiftSampleUITests.xctest */,
			);
			name = Products;
			sourceTree = "<group>";
		};
		4FD5FC021BFA99BA001EBB88 /* ProsperSDKSwiftSample */ = {
			isa = PBXGroup;
			children = (
				4FD5FC031BFA99BA001EBB88 /* AppDelegate.swift */,
				4F20E4DE1BFAA0C1007673C6 /* WelcomeViewController.swift */,
				4F20E4E01BFAA0DA007673C6 /* OfferViewController.swift */,
				4FD5FC071BFA99BA001EBB88 /* Main.storyboard */,
				4FD5FC0A1BFA99BA001EBB88 /* Assets.xcassets */,
				4FD5FC0C1BFA99BA001EBB88 /* LaunchScreen.storyboard */,
				4FD5FC0F1BFA99BA001EBB88 /* Info.plist */,
				4F20E4DA1BFAA089007673C6 /* ProsperSDKSwiftSample-Bridging-Header.h */,
			);
			path = ProsperSDKSwiftSample;
			sourceTree = "<group>";
		};
		4FD5FC171BFA99BA001EBB88 /* ProsperSDKSwiftSampleTests */ = {
			isa = PBXGroup;
			children = (
				4FD5FC181BFA99BA001EBB88 /* ProsperSDKSwiftSampleTests.swift */,
				4FD5FC1A1BFA99BA001EBB88 /* Info.plist */,
			);
			path = ProsperSDKSwiftSampleTests;
			sourceTree = "<group>";
		};
		4FD5FC221BFA99BA001EBB88 /* ProsperSDKSwiftSampleUITests */ = {
			isa = PBXGroup;
			children = (
				4FD5FC231BFA99BA001EBB88 /* ProsperSDKSwiftSampleUITests.swift */,
				4FD5FC251BFA99BA001EBB88 /* Info.plist */,
			);
			path = ProsperSDKSwiftSampleUITests;
			sourceTree = "<group>";
		};
		925F51E818F02A356CEA5175 /* Pods */ = {
			isa = PBXGroup;
			children = (
				C38124E2484AEBCF5467F3C0 /* Pods-ProsperSDKSwiftSample.debug.xcconfig */,
				CC6099BD055D67186AC2A116 /* Pods-ProsperSDKSwiftSample.release.xcconfig */,
			);
			name = Pods;
			sourceTree = "<group>";
		};
		C788490A9BC62BE0DA7B8C5E /* Frameworks */ = {
			isa = PBXGroup;
			children = (
				4F33A7EE1BFBF29F0021B1C8 /* ProsperBorrowerSDK.framework */,
				4F33A7E31BFAFAFE0021B1C8 /* libsqlite3.0.tbd */,
				D0FDA2D4C8C6B76945D9B1A3 /* libPods.a */,
				02033313EB326699EA3F62D0 /* libPods-ProsperSDKSwiftSample.a */,
			);
			name = Frameworks;
			sourceTree = "<group>";
		};
/* End PBXGroup section */

/* Begin PBXNativeTarget section */
		4FD5FBFF1BFA99BA001EBB88 /* ProsperSDKSwiftSample */ = {
			isa = PBXNativeTarget;
			buildConfigurationList = 4FD5FC281BFA99BA001EBB88 /* Build configuration list for PBXNativeTarget "ProsperSDKSwiftSample" */;
			buildPhases = (
				48F731AD16E7A0AA9C95B50A /* 📦 Check Pods Manifest.lock */,
				4FD5FBFC1BFA99BA001EBB88 /* Sources */,
				4FD5FBFD1BFA99BA001EBB88 /* Frameworks */,
				4FD5FBFE1BFA99BA001EBB88 /* Resources */,
				1C56445B3FB8C985EAF95162 /* 📦 Embed Pods Frameworks */,
				7F25A6EBC4575BD0283F8A26 /* 📦 Copy Pods Resources */,
			);
			buildRules = (
			);
			dependencies = (
			);
			name = ProsperSDKSwiftSample;
			productName = ProsperSDKSwiftSample;
			productReference = 4FD5FC001BFA99BA001EBB88 /* ProsperSDKSwiftSample.app */;
			productType = "com.apple.product-type.application";
		};
		4FD5FC131BFA99BA001EBB88 /* ProsperSDKSwiftSampleTests */ = {
			isa = PBXNativeTarget;
			buildConfigurationList = 4FD5FC2B1BFA99BA001EBB88 /* Build configuration list for PBXNativeTarget "ProsperSDKSwiftSampleTests" */;
			buildPhases = (
				4FD5FC101BFA99BA001EBB88 /* Sources */,
				4FD5FC111BFA99BA001EBB88 /* Frameworks */,
				4FD5FC121BFA99BA001EBB88 /* Resources */,
			);
			buildRules = (
			);
			dependencies = (
				4FD5FC161BFA99BA001EBB88 /* PBXTargetDependency */,
			);
			name = ProsperSDKSwiftSampleTests;
			productName = ProsperSDKSwiftSampleTests;
			productReference = 4FD5FC141BFA99BA001EBB88 /* ProsperSDKSwiftSampleTests.xctest */;
			productType = "com.apple.product-type.bundle.unit-test";
		};
		4FD5FC1E1BFA99BA001EBB88 /* ProsperSDKSwiftSampleUITests */ = {
			isa = PBXNativeTarget;
			buildConfigurationList = 4FD5FC2E1BFA99BA001EBB88 /* Build configuration list for PBXNativeTarget "ProsperSDKSwiftSampleUITests" */;
			buildPhases = (
				4FD5FC1B1BFA99BA001EBB88 /* Sources */,
				4FD5FC1C1BFA99BA001EBB88 /* Frameworks */,
				4FD5FC1D1BFA99BA001EBB88 /* Resources */,
			);
			buildRules = (
			);
			dependencies = (
				4FD5FC211BFA99BA001EBB88 /* PBXTargetDependency */,
			);
			name = ProsperSDKSwiftSampleUITests;
			productName = ProsperSDKSwiftSampleUITests;
			productReference = 4FD5FC1F1BFA99BA001EBB88 /* ProsperSDKSwiftSampleUITests.xctest */;
			productType = "com.apple.product-type.bundle.ui-testing";
		};
/* End PBXNativeTarget section */

/* Begin PBXProject section */
		4FD5FBF81BFA99BA001EBB88 /* Project object */ = {
			isa = PBXProject;
			attributes = {
				LastSwiftUpdateCheck = 0710;
				LastUpgradeCheck = 0710;
				ORGANIZATIONNAME = "Prosper Marketplace Inc.";
				TargetAttributes = {
					4FD5FBFF1BFA99BA001EBB88 = {
						CreatedOnToolsVersion = 7.1;
					};
					4FD5FC131BFA99BA001EBB88 = {
						CreatedOnToolsVersion = 7.1;
						TestTargetID = 4FD5FBFF1BFA99BA001EBB88;
					};
					4FD5FC1E1BFA99BA001EBB88 = {
						CreatedOnToolsVersion = 7.1;
						TestTargetID = 4FD5FBFF1BFA99BA001EBB88;
					};
				};
			};
			buildConfigurationList = 4FD5FBFB1BFA99BA001EBB88 /* Build configuration list for PBXProject "ProsperSDKSwiftSample" */;
			compatibilityVersion = "Xcode 3.2";
			developmentRegion = English;
			hasScannedForEncodings = 0;
			knownRegions = (
				en,
				Base,
			);
			mainGroup = 4FD5FBF71BFA99BA001EBB88;
			productRefGroup = 4FD5FC011BFA99BA001EBB88 /* Products */;
			projectDirPath = "";
			projectRoot = "";
			targets = (
				4FD5FBFF1BFA99BA001EBB88 /* ProsperSDKSwiftSample */,
				4FD5FC131BFA99BA001EBB88 /* ProsperSDKSwiftSampleTests */,
				4FD5FC1E1BFA99BA001EBB88 /* ProsperSDKSwiftSampleUITests */,
			);
		};
/* End PBXProject section */

/* Begin PBXResourcesBuildPhase section */
		4FD5FBFE1BFA99BA001EBB88 /* Resources */ = {
			isa = PBXResourcesBuildPhase;
			buildActionMask = 2147483647;
			files = (
				4F33A7F21BFBF2F00021B1C8 /* ProsperBorrowerSDK.bundle in Resources */,
				4FD5FC0E1BFA99BA001EBB88 /* LaunchScreen.storyboard in Resources */,
				4FD5FC0B1BFA99BA001EBB88 /* Assets.xcassets in Resources */,
				4FD5FC091BFA99BA001EBB88 /* Main.storyboard in Resources */,
			);
			runOnlyForDeploymentPostprocessing = 0;
		};
		4FD5FC121BFA99BA001EBB88 /* Resources */ = {
			isa = PBXResourcesBuildPhase;
			buildActionMask = 2147483647;
			files = (
			);
			runOnlyForDeploymentPostprocessing = 0;
		};
		4FD5FC1D1BFA99BA001EBB88 /* Resources */ = {
			isa = PBXResourcesBuildPhase;
			buildActionMask = 2147483647;
			files = (
			);
			runOnlyForDeploymentPostprocessing = 0;
		};
/* End PBXResourcesBuildPhase section */

/* Begin PBXShellScriptBuildPhase section */
		1C56445B3FB8C985EAF95162 /* 📦 Embed Pods Frameworks */ = {
			isa = PBXShellScriptBuildPhase;
			buildActionMask = 2147483647;
			files = (
			);
			inputPaths = (
			);
			name = "📦 Embed Pods Frameworks";
			outputPaths = (
			);
			runOnlyForDeploymentPostprocessing = 0;
			shellPath = /bin/sh;
			shellScript = "\"${SRCROOT}/Pods/Target Support Files/Pods-ProsperSDKSwiftSample/Pods-ProsperSDKSwiftSample-frameworks.sh\"\n";
			showEnvVarsInLog = 0;
		};
		48F731AD16E7A0AA9C95B50A /* 📦 Check Pods Manifest.lock */ = {
			isa = PBXShellScriptBuildPhase;
			buildActionMask = 2147483647;
			files = (
			);
			inputPaths = (
			);
			name = "📦 Check Pods Manifest.lock";
			outputPaths = (
			);
			runOnlyForDeploymentPostprocessing = 0;
			shellPath = /bin/sh;
			shellScript = "diff \"${PODS_ROOT}/../Podfile.lock\" \"${PODS_ROOT}/Manifest.lock\" > /dev/null\nif [[ $? != 0 ]] ; then\n    cat << EOM\nerror: The sandbox is not in sync with the Podfile.lock. Run 'pod install' or update your CocoaPods installation.\nEOM\n    exit 1\nfi\n";
			showEnvVarsInLog = 0;
		};
		7F25A6EBC4575BD0283F8A26 /* 📦 Copy Pods Resources */ = {
			isa = PBXShellScriptBuildPhase;
			buildActionMask = 2147483647;
			files = (
			);
			inputPaths = (
			);
			name = "📦 Copy Pods Resources";
			outputPaths = (
			);
			runOnlyForDeploymentPostprocessing = 0;
			shellPath = /bin/sh;
			shellScript = "\"${SRCROOT}/Pods/Target Support Files/Pods-ProsperSDKSwiftSample/Pods-ProsperSDKSwiftSample-resources.sh\"\n";
			showEnvVarsInLog = 0;
		};
/* End PBXShellScriptBuildPhase section */

/* Begin PBXSourcesBuildPhase section */
		4FD5FBFC1BFA99BA001EBB88 /* Sources */ = {
			isa = PBXSourcesBuildPhase;
			buildActionMask = 2147483647;
			files = (
				4F20E4DF1BFAA0C1007673C6 /* WelcomeViewController.swift in Sources */,
				4F20E4E11BFAA0DA007673C6 /* OfferViewController.swift in Sources */,
				4FD5FC041BFA99BA001EBB88 /* AppDelegate.swift in Sources */,
			);
			runOnlyForDeploymentPostprocessing = 0;
		};
		4FD5FC101BFA99BA001EBB88 /* Sources */ = {
			isa = PBXSourcesBuildPhase;
			buildActionMask = 2147483647;
			files = (
				4FD5FC191BFA99BA001EBB88 /* ProsperSDKSwiftSampleTests.swift in Sources */,
			);
			runOnlyForDeploymentPostprocessing = 0;
		};
		4FD5FC1B1BFA99BA001EBB88 /* Sources */ = {
			isa = PBXSourcesBuildPhase;
			buildActionMask = 2147483647;
			files = (
				4FD5FC241BFA99BA001EBB88 /* ProsperSDKSwiftSampleUITests.swift in Sources */,
			);
			runOnlyForDeploymentPostprocessing = 0;
		};
/* End PBXSourcesBuildPhase section */

/* Begin PBXTargetDependency section */
		4FD5FC161BFA99BA001EBB88 /* PBXTargetDependency */ = {
			isa = PBXTargetDependency;
			target = 4FD5FBFF1BFA99BA001EBB88 /* ProsperSDKSwiftSample */;
			targetProxy = 4FD5FC151BFA99BA001EBB88 /* PBXContainerItemProxy */;
		};
		4FD5FC211BFA99BA001EBB88 /* PBXTargetDependency */ = {
			isa = PBXTargetDependency;
			target = 4FD5FBFF1BFA99BA001EBB88 /* ProsperSDKSwiftSample */;
			targetProxy = 4FD5FC201BFA99BA001EBB88 /* PBXContainerItemProxy */;
		};
/* End PBXTargetDependency section */

/* Begin PBXVariantGroup section */
		4FD5FC071BFA99BA001EBB88 /* Main.storyboard */ = {
			isa = PBXVariantGroup;
			children = (
				4FD5FC081BFA99BA001EBB88 /* Base */,
			);
			name = Main.storyboard;
			sourceTree = "<group>";
		};
		4FD5FC0C1BFA99BA001EBB88 /* LaunchScreen.storyboard */ = {
			isa = PBXVariantGroup;
			children = (
				4FD5FC0D1BFA99BA001EBB88 /* Base */,
			);
			name = LaunchScreen.storyboard;
			sourceTree = "<group>";
		};
/* End PBXVariantGroup section */

/* Begin XCBuildConfiguration section */
		4FD5FC261BFA99BA001EBB88 /* Debug */ = {
			isa = XCBuildConfiguration;
			buildSettings = {
				ALWAYS_SEARCH_USER_PATHS = NO;
				CLANG_CXX_LANGUAGE_STANDARD = "gnu++0x";
				CLANG_CXX_LIBRARY = "libc++";
				CLANG_ENABLE_MODULES = YES;
				CLANG_ENABLE_OBJC_ARC = YES;
				CLANG_WARN_BOOL_CONVERSION = YES;
				CLANG_WARN_CONSTANT_CONVERSION = YES;
				CLANG_WARN_DIRECT_OBJC_ISA_USAGE = YES_ERROR;
				CLANG_WARN_EMPTY_BODY = YES;
				CLANG_WARN_ENUM_CONVERSION = YES;
				CLANG_WARN_INT_CONVERSION = YES;
				CLANG_WARN_OBJC_ROOT_CLASS = YES_ERROR;
				CLANG_WARN_UNREACHABLE_CODE = YES;
				CLANG_WARN__DUPLICATE_METHOD_MATCH = YES;
				"CODE_SIGN_IDENTITY[sdk=iphoneos*]" = "iPhone Developer";
				COPY_PHASE_STRIP = NO;
				DEBUG_INFORMATION_FORMAT = dwarf;
				ENABLE_STRICT_OBJC_MSGSEND = YES;
				ENABLE_TESTABILITY = YES;
				GCC_C_LANGUAGE_STANDARD = gnu99;
				GCC_DYNAMIC_NO_PIC = NO;
				GCC_NO_COMMON_BLOCKS = YES;
				GCC_OPTIMIZATION_LEVEL = 0;
				GCC_PREPROCESSOR_DEFINITIONS = (
					"DEBUG=1",
					"$(inherited)",
				);
				GCC_WARN_64_TO_32_BIT_CONVERSION = YES;
				GCC_WARN_ABOUT_RETURN_TYPE = YES_ERROR;
				GCC_WARN_UNDECLARED_SELECTOR = YES;
				GCC_WARN_UNINITIALIZED_AUTOS = YES_AGGRESSIVE;
				GCC_WARN_UNUSED_FUNCTION = YES;
				GCC_WARN_UNUSED_VARIABLE = YES;
				IPHONEOS_DEPLOYMENT_TARGET = 9.1;
				MTL_ENABLE_DEBUG_INFO = YES;
				ONLY_ACTIVE_ARCH = YES;
				SDKROOT = iphoneos;
				SWIFT_OPTIMIZATION_LEVEL = "-Onone";
				TARGETED_DEVICE_FAMILY = "1,2";
			};
			name = Debug;
		};
		4FD5FC271BFA99BA001EBB88 /* Release */ = {
			isa = XCBuildConfiguration;
			buildSettings = {
				ALWAYS_SEARCH_USER_PATHS = NO;
				CLANG_CXX_LANGUAGE_STANDARD = "gnu++0x";
				CLANG_CXX_LIBRARY = "libc++";
				CLANG_ENABLE_MODULES = YES;
				CLANG_ENABLE_OBJC_ARC = YES;
				CLANG_WARN_BOOL_CONVERSION = YES;
				CLANG_WARN_CONSTANT_CONVERSION = YES;
				CLANG_WARN_DIRECT_OBJC_ISA_USAGE = YES_ERROR;
				CLANG_WARN_EMPTY_BODY = YES;
				CLANG_WARN_ENUM_CONVERSION = YES;
				CLANG_WARN_INT_CONVERSION = YES;
				CLANG_WARN_OBJC_ROOT_CLASS = YES_ERROR;
				CLANG_WARN_UNREACHABLE_CODE = YES;
				CLANG_WARN__DUPLICATE_METHOD_MATCH = YES;
				"CODE_SIGN_IDENTITY[sdk=iphoneos*]" = "iPhone Developer";
				COPY_PHASE_STRIP = NO;
				DEBUG_INFORMATION_FORMAT = "dwarf-with-dsym";
				ENABLE_NS_ASSERTIONS = NO;
				ENABLE_STRICT_OBJC_MSGSEND = YES;
				GCC_C_LANGUAGE_STANDARD = gnu99;
				GCC_NO_COMMON_BLOCKS = YES;
				GCC_WARN_64_TO_32_BIT_CONVERSION = YES;
				GCC_WARN_ABOUT_RETURN_TYPE = YES_ERROR;
				GCC_WARN_UNDECLARED_SELECTOR = YES;
				GCC_WARN_UNINITIALIZED_AUTOS = YES_AGGRESSIVE;
				GCC_WARN_UNUSED_FUNCTION = YES;
				GCC_WARN_UNUSED_VARIABLE = YES;
				IPHONEOS_DEPLOYMENT_TARGET = 9.1;
				MTL_ENABLE_DEBUG_INFO = NO;
				SDKROOT = iphoneos;
				TARGETED_DEVICE_FAMILY = "1,2";
				VALIDATE_PRODUCT = YES;
			};
			name = Release;
		};
		4FD5FC291BFA99BA001EBB88 /* Debug */ = {
			isa = XCBuildConfiguration;
			baseConfigurationReference = C38124E2484AEBCF5467F3C0 /* Pods-ProsperSDKSwiftSample.debug.xcconfig */;
			buildSettings = {
				ASSETCATALOG_COMPILER_APPICON_NAME = AppIcon;
				CLANG_ENABLE_MODULES = YES;
				CODE_SIGN_IDENTITY = "iPhone Developer";
				ENABLE_BITCODE = NO;
				FRAMEWORK_SEARCH_PATHS = (
					"$(PROJECT_DIR)/../Frameworks",
					"$(inherited)",
				);
				INFOPLIST_FILE = ProsperSDKSwiftSample/Info.plist;
				IPHONEOS_DEPLOYMENT_TARGET = 8.0;
				LD_RUNPATH_SEARCH_PATHS = "$(inherited) @executable_path/Frameworks";
				PRODUCT_BUNDLE_IDENTIFIER = com.prosper.ProsperSDKSwiftSample;
				PRODUCT_NAME = "$(TARGET_NAME)";
				SWIFT_OBJC_BRIDGING_HEADER = "ProsperSDKSwiftSample/ProsperSDKSwiftSample-Bridging-Header.h";
				SWIFT_OPTIMIZATION_LEVEL = "-Onone";
				TARGETED_DEVICE_FAMILY = 1;
			};
			name = Debug;
		};
		4FD5FC2A1BFA99BA001EBB88 /* Release */ = {
			isa = XCBuildConfiguration;
			baseConfigurationReference = CC6099BD055D67186AC2A116 /* Pods-ProsperSDKSwiftSample.release.xcconfig */;
			buildSettings = {
				ASSETCATALOG_COMPILER_APPICON_NAME = AppIcon;
				CLANG_ENABLE_MODULES = YES;
				CODE_SIGN_IDENTITY = "iPhone Developer";
				ENABLE_BITCODE = NO;
				FRAMEWORK_SEARCH_PATHS = (
					"$(PROJECT_DIR)/../Frameworks",
					"$(inherited)",
				);
				INFOPLIST_FILE = ProsperSDKSwiftSample/Info.plist;
				IPHONEOS_DEPLOYMENT_TARGET = 8.0;
				LD_RUNPATH_SEARCH_PATHS = "$(inherited) @executable_path/Frameworks";
				PRODUCT_BUNDLE_IDENTIFIER = com.prosper.ProsperSDKSwiftSample;
				PRODUCT_NAME = "$(TARGET_NAME)";
				SWIFT_OBJC_BRIDGING_HEADER = "ProsperSDKSwiftSample/ProsperSDKSwiftSample-Bridging-Header.h";
				TARGETED_DEVICE_FAMILY = 1;
			};
			name = Release;
		};
		4FD5FC2C1BFA99BA001EBB88 /* Debug */ = {
			isa = XCBuildConfiguration;
			buildSettings = {
				BUNDLE_LOADER = "$(TEST_HOST)";
				INFOPLIST_FILE = ProsperSDKSwiftSampleTests/Info.plist;
				LD_RUNPATH_SEARCH_PATHS = "$(inherited) @executable_path/Frameworks @loader_path/Frameworks";
				PRODUCT_BUNDLE_IDENTIFIER = com.prosper.ProsperSDKSwiftSampleTests;
				PRODUCT_NAME = "$(TARGET_NAME)";
				TEST_HOST = "$(BUILT_PRODUCTS_DIR)/ProsperSDKSwiftSample.app/ProsperSDKSwiftSample";
			};
			name = Debug;
		};
		4FD5FC2D1BFA99BA001EBB88 /* Release */ = {
			isa = XCBuildConfiguration;
			buildSettings = {
				BUNDLE_LOADER = "$(TEST_HOST)";
				INFOPLIST_FILE = ProsperSDKSwiftSampleTests/Info.plist;
				LD_RUNPATH_SEARCH_PATHS = "$(inherited) @executable_path/Frameworks @loader_path/Frameworks";
				PRODUCT_BUNDLE_IDENTIFIER = com.prosper.ProsperSDKSwiftSampleTests;
				PRODUCT_NAME = "$(TARGET_NAME)";
				TEST_HOST = "$(BUILT_PRODUCTS_DIR)/ProsperSDKSwiftSample.app/ProsperSDKSwiftSample";
			};
			name = Release;
		};
		4FD5FC2F1BFA99BA001EBB88 /* Debug */ = {
			isa = XCBuildConfiguration;
			buildSettings = {
				INFOPLIST_FILE = ProsperSDKSwiftSampleUITests/Info.plist;
				LD_RUNPATH_SEARCH_PATHS = "$(inherited) @executable_path/Frameworks @loader_path/Frameworks";
				PRODUCT_BUNDLE_IDENTIFIER = com.prosper.ProsperSDKSwiftSampleUITests;
				PRODUCT_NAME = "$(TARGET_NAME)";
				TEST_TARGET_NAME = ProsperSDKSwiftSample;
				USES_XCTRUNNER = YES;
			};
			name = Debug;
		};
		4FD5FC301BFA99BA001EBB88 /* Release */ = {
			isa = XCBuildConfiguration;
			buildSettings = {
				INFOPLIST_FILE = ProsperSDKSwiftSampleUITests/Info.plist;
				LD_RUNPATH_SEARCH_PATHS = "$(inherited) @executable_path/Frameworks @loader_path/Frameworks";
				PRODUCT_BUNDLE_IDENTIFIER = com.prosper.ProsperSDKSwiftSampleUITests;
				PRODUCT_NAME = "$(TARGET_NAME)";
				TEST_TARGET_NAME = ProsperSDKSwiftSample;
				USES_XCTRUNNER = YES;
			};
			name = Release;
		};
/* End XCBuildConfiguration section */

/* Begin XCConfigurationList section */
		4FD5FBFB1BFA99BA001EBB88 /* Build configuration list for PBXProject "ProsperSDKSwiftSample" */ = {
			isa = XCConfigurationList;
			buildConfigurations = (
				4FD5FC261BFA99BA001EBB88 /* Debug */,
				4FD5FC271BFA99BA001EBB88 /* Release */,
			);
			defaultConfigurationIsVisible = 0;
			defaultConfigurationName = Release;
		};
		4FD5FC281BFA99BA001EBB88 /* Build configuration list for PBXNativeTarget "ProsperSDKSwiftSample" */ = {
			isa = XCConfigurationList;
			buildConfigurations = (
				4FD5FC291BFA99BA001EBB88 /* Debug */,
				4FD5FC2A1BFA99BA001EBB88 /* Release */,
			);
			defaultConfigurationIsVisible = 0;
			defaultConfigurationName = Release;
		};
		4FD5FC2B1BFA99BA001EBB88 /* Build configuration list for PBXNativeTarget "ProsperSDKSwiftSampleTests" */ = {
			isa = XCConfigurationList;
			buildConfigurations = (
				4FD5FC2C1BFA99BA001EBB88 /* Debug */,
				4FD5FC2D1BFA99BA001EBB88 /* Release */,
			);
			defaultConfigurationIsVisible = 0;
			defaultConfigurationName = Release;
		};
		4FD5FC2E1BFA99BA001EBB88 /* Build configuration list for PBXNativeTarget "ProsperSDKSwiftSampleUITests" */ = {
			isa = XCConfigurationList;
			buildConfigurations = (
				4FD5FC2F1BFA99BA001EBB88 /* Debug */,
				4FD5FC301BFA99BA001EBB88 /* Release */,
			);
			defaultConfigurationIsVisible = 0;
			defaultConfigurationName = Release;
		};
/* End XCConfigurationList section */
	};
	rootObject = 4FD5FBF81BFA99BA001EBB88 /* Project object */;
}
